
Microsoft Visual Studio Solution File, Format Version 12.00
# Visual Studio 2013
VisualStudioVersion = 12.0.30723.0
MinimumVisualStudioVersion = 10.0.40219.1
Project("{2150E333-8FDC-42A3-9474-1A3956D46DE8}") = "src", "src", "{F141E2D0-F9B8-4ADB-A19A-7B6FF4CA19A1}"
EndProject
Project("{2150E333-8FDC-42A3-9474-1A3956D46DE8}") = "test", "test", "{B54371FF-B920-46C8-8D55-6B19DBB43EBF}"
EndProject
Project("{FAE04EC0-301F-11D3-BF4B-00C04F79EFBC}") = "Microsoft.Framework.Configuration.Abstractions", "src\Microsoft.Framework.Configuration.Abstractions\Microsoft.Framework.Configuration.Abstractions.csproj", "{313B1FA7-1773-49DC-AC96-072F1F3BB881}"
EndProject
Project("{FAE04EC0-301F-11D3-BF4B-00C04F79EFBC}") = "Microsoft.Framework.Configuration", "src\Microsoft.Framework.Configuration\Microsoft.Framework.Configuration.csproj", "{05FF6649-129E-4B95-AB6B-1136FDB52B46}"
EndProject
Project("{FAE04EC0-301F-11D3-BF4B-00C04F79EFBC}") = "Microsoft.Framework.Configuration.Binder", "src\Microsoft.Framework.Configuration.Binder\Microsoft.Framework.Configuration.Binder.csproj", "{1478CA09-C44D-4371-9145-DF1E516B3EDC}"
EndProject
Project("{FAE04EC0-301F-11D3-BF4B-00C04F79EFBC}") = "Microsoft.Framework.Configuration.Json", "src\Microsoft.Framework.Configuration.Json\Microsoft.Framework.Configuration.Json.csproj", "{A4B0FA6A-CEBC-4318-8AF3-339F4FEB173C}"
EndProject
Project("{FAE04EC0-301F-11D3-BF4B-00C04F79EFBC}") = "Microsoft.Framework.Configuration.Xml", "src\Microsoft.Framework.Configuration.Xml\Microsoft.Framework.Configuration.Xml.csproj", "{86D7D23D-E9C5-40BD-AF70-92C686033CEE}"
EndProject
Project("{FAE04EC0-301F-11D3-BF4B-00C04F79EFBC}") = "Microsoft.Framework.Configuration.Ini", "src\Microsoft.Framework.Configuration.Ini\Microsoft.Framework.Configuration.Ini.csproj", "{D06AE4F1-DFC3-443F-8FAA-C6066121F3E8}"
EndProject
Project("{FAE04EC0-301F-11D3-BF4B-00C04F79EFBC}") = "Microsoft.Framework.Configuration.EnvironmentVariables", "src\Microsoft.Framework.Configuration.EnvironmentVariables\Microsoft.Framework.Configuration.EnvironmentVariables.csproj", "{080752F8-4225-4A84-98A3-286C66AF827F}"
EndProject
Project("{FAE04EC0-301F-11D3-BF4B-00C04F79EFBC}") = "Microsoft.Framework.Configuration.CommandLine", "src\Microsoft.Framework.Configuration.CommandLine\Microsoft.Framework.Configuration.CommandLine.csproj", "{C3BD3232-6332-4CA2-A46F-82FCFA93EC80}"
EndProject
Project("{FAE04EC0-301F-11D3-BF4B-00C04F79EFBC}") = "Microsoft.Framework.Configuration.Test", "test\Microsoft.Framework.Configuration.Test\Microsoft.Framework.Configuration.Test.csproj", "{040B5F1B-C4C1-4649-A0F3-81707360AEC0}"
EndProject
Project("{FAE04EC0-301F-11D3-BF4B-00C04F79EFBC}") = "Microsoft.Framework.Configuration.Test.Common", "test\Microsoft.Framework.Configuration.Test.Common\Microsoft.Framework.Configuration.Test.Common.csproj", "{9D58E8FA-7563-4E7A-9DB5-14D93BA34AF9}"
EndProject
Project("{FAE04EC0-301F-11D3-BF4B-00C04F79EFBC}") = "Microsoft.Framework.Configuration.Binder.Test", "test\Microsoft.Framework.Configuration.Binder.Test\Microsoft.Framework.Configuration.Binder.Test.csproj", "{EBE42155-6ACA-4344-B96F-AE1275CDAF78}"
EndProject
Project("{FAE04EC0-301F-11D3-BF4B-00C04F79EFBC}") = "Microsoft.Framework.Configuration.CommandLine.Test", "test\Microsoft.Framework.Configuration.CommandLine.Test\Microsoft.Framework.Configuration.CommandLine.Test.csproj", "{D808D816-1090-4A4A-813C-4AC6FF144C08}"
EndProject
Project("{FAE04EC0-301F-11D3-BF4B-00C04F79EFBC}") = "Microsoft.Framework.Configuration.EnvironmentVariables.Test", "test\Microsoft.Framework.Configuration.EnvironmentVariables.Test\Microsoft.Framework.Configuration.EnvironmentVariables.Test.csproj", "{E1955472-191E-4237-9CD0-E68EA63D12B3}"
EndProject
Project("{FAE04EC0-301F-11D3-BF4B-00C04F79EFBC}") = "Microsoft.Framework.Configuration.FunctionalTests", "test\Microsoft.Framework.Configuration.FunctionalTests\Microsoft.Framework.Configuration.FunctionalTests.csproj", "{25597BB7-9621-4B68-8F02-9BAF51A8C07F}"
EndProject
Project("{FAE04EC0-301F-11D3-BF4B-00C04F79EFBC}") = "Microsoft.Framework.Configuration.Ini.Test", "test\Microsoft.Framework.Configuration.Ini.Test\Microsoft.Framework.Configuration.Ini.Test.csproj", "{FFABE044-0104-405A-ACAD-7B269A3955FB}"
EndProject
Project("{FAE04EC0-301F-11D3-BF4B-00C04F79EFBC}") = "Microsoft.Framework.Configuration.Json.Test", "test\Microsoft.Framework.Configuration.Json.Test\Microsoft.Framework.Configuration.Json.Test.csproj", "{AA0F499D-E931-4F65-8A10-EA39C5AD9E52}"
EndProject
Project("{FAE04EC0-301F-11D3-BF4B-00C04F79EFBC}") = "Microsoft.Framework.Configuration.Xml.Test", "test\Microsoft.Framework.Configuration.Xml.Test\Microsoft.Framework.Configuration.Xml.Test.csproj", "{40E9CFE2-D10B-489D-B01D-15320B3E3A89}"
EndProject
Global
	GlobalSection(SolutionConfigurationPlatforms) = preSolution
		Debug|Any CPU = Debug|Any CPU
		Release|Any CPU = Release|Any CPU
	EndGlobalSection
	GlobalSection(ProjectConfigurationPlatforms) = postSolution
		{313B1FA7-1773-49DC-AC96-072F1F3BB881}.Debug|Any CPU.ActiveCfg = Debug|Any CPU
		{313B1FA7-1773-49DC-AC96-072F1F3BB881}.Debug|Any CPU.Build.0 = Debug|Any CPU
		{313B1FA7-1773-49DC-AC96-072F1F3BB881}.Release|Any CPU.ActiveCfg = Release|Any CPU
		{313B1FA7-1773-49DC-AC96-072F1F3BB881}.Release|Any CPU.Build.0 = Release|Any CPU
		{05FF6649-129E-4B95-AB6B-1136FDB52B46}.Debug|Any CPU.ActiveCfg = Debug|Any CPU
		{05FF6649-129E-4B95-AB6B-1136FDB52B46}.Debug|Any CPU.Build.0 = Debug|Any CPU
		{05FF6649-129E-4B95-AB6B-1136FDB52B46}.Release|Any CPU.ActiveCfg = Release|Any CPU
		{05FF6649-129E-4B95-AB6B-1136FDB52B46}.Release|Any CPU.Build.0 = Release|Any CPU
		{1478CA09-C44D-4371-9145-DF1E516B3EDC}.Debug|Any CPU.ActiveCfg = Debug|Any CPU
		{1478CA09-C44D-4371-9145-DF1E516B3EDC}.Debug|Any CPU.Build.0 = Debug|Any CPU
		{1478CA09-C44D-4371-9145-DF1E516B3EDC}.Release|Any CPU.ActiveCfg = Release|Any CPU
		{1478CA09-C44D-4371-9145-DF1E516B3EDC}.Release|Any CPU.Build.0 = Release|Any CPU
		{A4B0FA6A-CEBC-4318-8AF3-339F4FEB173C}.Debug|Any CPU.ActiveCfg = Debug|Any CPU
		{A4B0FA6A-CEBC-4318-8AF3-339F4FEB173C}.Debug|Any CPU.Build.0 = Debug|Any CPU
		{A4B0FA6A-CEBC-4318-8AF3-339F4FEB173C}.Release|Any CPU.ActiveCfg = Release|Any CPU
		{A4B0FA6A-CEBC-4318-8AF3-339F4FEB173C}.Release|Any CPU.Build.0 = Release|Any CPU
		{86D7D23D-E9C5-40BD-AF70-92C686033CEE}.Debug|Any CPU.ActiveCfg = Debug|Any CPU
		{86D7D23D-E9C5-40BD-AF70-92C686033CEE}.Debug|Any CPU.Build.0 = Debug|Any CPU
		{86D7D23D-E9C5-40BD-AF70-92C686033CEE}.Release|Any CPU.ActiveCfg = Release|Any CPU
		{86D7D23D-E9C5-40BD-AF70-92C686033CEE}.Release|Any CPU.Build.0 = Release|Any CPU
		{D06AE4F1-DFC3-443F-8FAA-C6066121F3E8}.Debug|Any CPU.ActiveCfg = Debug|Any CPU
		{D06AE4F1-DFC3-443F-8FAA-C6066121F3E8}.Debug|Any CPU.Build.0 = Debug|Any CPU
		{D06AE4F1-DFC3-443F-8FAA-C6066121F3E8}.Release|Any CPU.ActiveCfg = Release|Any CPU
		{D06AE4F1-DFC3-443F-8FAA-C6066121F3E8}.Release|Any CPU.Build.0 = Release|Any CPU
		{080752F8-4225-4A84-98A3-286C66AF827F}.Debug|Any CPU.ActiveCfg = Debug|Any CPU
		{080752F8-4225-4A84-98A3-286C66AF827F}.Debug|Any CPU.Build.0 = Debug|Any CPU
		{080752F8-4225-4A84-98A3-286C66AF827F}.Release|Any CPU.ActiveCfg = Release|Any CPU
		{080752F8-4225-4A84-98A3-286C66AF827F}.Release|Any CPU.Build.0 = Release|Any CPU
		{C3BD3232-6332-4CA2-A46F-82FCFA93EC80}.Debug|Any CPU.ActiveCfg = Debug|Any CPU
		{C3BD3232-6332-4CA2-A46F-82FCFA93EC80}.Debug|Any CPU.Build.0 = Debug|Any CPU
		{C3BD3232-6332-4CA2-A46F-82FCFA93EC80}.Release|Any CPU.ActiveCfg = Release|Any CPU
		{C3BD3232-6332-4CA2-A46F-82FCFA93EC80}.Release|Any CPU.Build.0 = Release|Any CPU
		{040B5F1B-C4C1-4649-A0F3-81707360AEC0}.Debug|Any CPU.ActiveCfg = Debug|Any CPU
		{040B5F1B-C4C1-4649-A0F3-81707360AEC0}.Debug|Any CPU.Build.0 = Debug|Any CPU
		{040B5F1B-C4C1-4649-A0F3-81707360AEC0}.Release|Any CPU.ActiveCfg = Release|Any CPU
		{040B5F1B-C4C1-4649-A0F3-81707360AEC0}.Release|Any CPU.Build.0 = Release|Any CPU
		{9D58E8FA-7563-4E7A-9DB5-14D93BA34AF9}.Debug|Any CPU.ActiveCfg = Debug|Any CPU
		{9D58E8FA-7563-4E7A-9DB5-14D93BA34AF9}.Debug|Any CPU.Build.0 = Debug|Any CPU
		{9D58E8FA-7563-4E7A-9DB5-14D93BA34AF9}.Release|Any CPU.ActiveCfg = Release|Any CPU
		{9D58E8FA-7563-4E7A-9DB5-14D93BA34AF9}.Release|Any CPU.Build.0 = Release|Any CPU
		{EBE42155-6ACA-4344-B96F-AE1275CDAF78}.Debug|Any CPU.ActiveCfg = Debug|Any CPU
		{EBE42155-6ACA-4344-B96F-AE1275CDAF78}.Debug|Any CPU.Build.0 = Debug|Any CPU
		{EBE42155-6ACA-4344-B96F-AE1275CDAF78}.Release|Any CPU.ActiveCfg = Release|Any CPU
		{EBE42155-6ACA-4344-B96F-AE1275CDAF78}.Release|Any CPU.Build.0 = Release|Any CPU
		{D808D816-1090-4A4A-813C-4AC6FF144C08}.Debug|Any CPU.ActiveCfg = Debug|Any CPU
		{D808D816-1090-4A4A-813C-4AC6FF144C08}.Debug|Any CPU.Build.0 = Debug|Any CPU
		{D808D816-1090-4A4A-813C-4AC6FF144C08}.Release|Any CPU.ActiveCfg = Release|Any CPU
		{D808D816-1090-4A4A-813C-4AC6FF144C08}.Release|Any CPU.Build.0 = Release|Any CPU
		{E1955472-191E-4237-9CD0-E68EA63D12B3}.Debug|Any CPU.ActiveCfg = Debug|Any CPU
		{E1955472-191E-4237-9CD0-E68EA63D12B3}.Debug|Any CPU.Build.0 = Debug|Any CPU
		{E1955472-191E-4237-9CD0-E68EA63D12B3}.Release|Any CPU.ActiveCfg = Release|Any CPU
		{E1955472-191E-4237-9CD0-E68EA63D12B3}.Release|Any CPU.Build.0 = Release|Any CPU
		{25597BB7-9621-4B68-8F02-9BAF51A8C07F}.Debug|Any CPU.ActiveCfg = Debug|Any CPU
		{25597BB7-9621-4B68-8F02-9BAF51A8C07F}.Debug|Any CPU.Build.0 = Debug|Any CPU
		{25597BB7-9621-4B68-8F02-9BAF51A8C07F}.Release|Any CPU.ActiveCfg = Release|Any CPU
		{25597BB7-9621-4B68-8F02-9BAF51A8C07F}.Release|Any CPU.Build.0 = Release|Any CPU
		{FFABE044-0104-405A-ACAD-7B269A3955FB}.Debug|Any CPU.ActiveCfg = Debug|Any CPU
		{FFABE044-0104-405A-ACAD-7B269A3955FB}.Debug|Any CPU.Build.0 = Debug|Any CPU
		{FFABE044-0104-405A-ACAD-7B269A3955FB}.Release|Any CPU.ActiveCfg = Release|Any CPU
		{FFABE044-0104-405A-ACAD-7B269A3955FB}.Release|Any CPU.Build.0 = Release|Any CPU
		{AA0F499D-E931-4F65-8A10-EA39C5AD9E52}.Debug|Any CPU.ActiveCfg = Debug|Any CPU
		{AA0F499D-E931-4F65-8A10-EA39C5AD9E52}.Debug|Any CPU.Build.0 = Debug|Any CPU
		{AA0F499D-E931-4F65-8A10-EA39C5AD9E52}.Release|Any CPU.ActiveCfg = Release|Any CPU
		{AA0F499D-E931-4F65-8A10-EA39C5AD9E52}.Release|Any CPU.Build.0 = Release|Any CPU
		{40E9CFE2-D10B-489D-B01D-15320B3E3A89}.Debug|Any CPU.ActiveCfg = Debug|Any CPU
		{40E9CFE2-D10B-489D-B01D-15320B3E3A89}.Debug|Any CPU.Build.0 = Debug|Any CPU
		{40E9CFE2-D10B-489D-B01D-15320B3E3A89}.Release|Any CPU.ActiveCfg = Release|Any CPU
		{40E9CFE2-D10B-489D-B01D-15320B3E3A89}.Release|Any CPU.Build.0 = Release|Any CPU
	EndGlobalSection
	GlobalSection(SolutionProperties) = preSolution
		HideSolutionNode = FALSE
	EndGlobalSection
	GlobalSection(NestedProjects) = preSolution
		{313B1FA7-1773-49DC-AC96-072F1F3BB881} = {F141E2D0-F9B8-4ADB-A19A-7B6FF4CA19A1}
		{05FF6649-129E-4B95-AB6B-1136FDB52B46} = {F141E2D0-F9B8-4ADB-A19A-7B6FF4CA19A1}
		{1478CA09-C44D-4371-9145-DF1E516B3EDC} = {F141E2D0-F9B8-4ADB-A19A-7B6FF4CA19A1}
		{A4B0FA6A-CEBC-4318-8AF3-339F4FEB173C} = {F141E2D0-F9B8-4ADB-A19A-7B6FF4CA19A1}
		{86D7D23D-E9C5-40BD-AF70-92C686033CEE} = {F141E2D0-F9B8-4ADB-A19A-7B6FF4CA19A1}
		{D06AE4F1-DFC3-443F-8FAA-C6066121F3E8} = {F141E2D0-F9B8-4ADB-A19A-7B6FF4CA19A1}
		{080752F8-4225-4A84-98A3-286C66AF827F} = {F141E2D0-F9B8-4ADB-A19A-7B6FF4CA19A1}
		{C3BD3232-6332-4CA2-A46F-82FCFA93EC80} = {F141E2D0-F9B8-4ADB-A19A-7B6FF4CA19A1}
		{040B5F1B-C4C1-4649-A0F3-81707360AEC0} = {B54371FF-B920-46C8-8D55-6B19DBB43EBF}
		{9D58E8FA-7563-4E7A-9DB5-14D93BA34AF9} = {B54371FF-B920-46C8-8D55-6B19DBB43EBF}
		{EBE42155-6ACA-4344-B96F-AE1275CDAF78} = {B54371FF-B920-46C8-8D55-6B19DBB43EBF}
		{D808D816-1090-4A4A-813C-4AC6FF144C08} = {B54371FF-B920-46C8-8D55-6B19DBB43EBF}
		{E1955472-191E-4237-9CD0-E68EA63D12B3} = {B54371FF-B920-46C8-8D55-6B19DBB43EBF}
		{25597BB7-9621-4B68-8F02-9BAF51A8C07F} = {B54371FF-B920-46C8-8D55-6B19DBB43EBF}
		{FFABE044-0104-405A-ACAD-7B269A3955FB} = {B54371FF-B920-46C8-8D55-6B19DBB43EBF}
		{AA0F499D-E931-4F65-8A10-EA39C5AD9E52} = {B54371FF-B920-46C8-8D55-6B19DBB43EBF}
		{40E9CFE2-D10B-489D-B01D-15320B3E3A89} = {B54371FF-B920-46C8-8D55-6B19DBB43EBF}
	EndGlobalSection
EndGlobal
